
Microsoft Visual Studio Solution File, Format Version 12.00
# Visual Studio Version 17
VisualStudioVersion = 17.14.36930.0 d17.14
MinimumVisualStudioVersion = 10.0.40219.1
Project("{FAE04EC0-301F-11D3-BF4B-00C04F79EFBC}") = "SQLDataMigrator", "SQLDataMigrator\SQLDataMigrator.csproj", "{81278573-466A-44DF-8FB1-445AF8D93E75}"
EndProject
Global
	GlobalSection(SolutionConfigurationPlatforms) = preSolution
		Debug|Any CPU = Debug|Any CPU
		Release|Any CPU = Release|Any CPU
	EndGlobalSection
	GlobalSection(ProjectConfigurationPlatforms) = postSolution
		{81278573-466A-44DF-8FB1-445AF8D93E75}.Debug|Any CPU.ActiveCfg = Debug|Any CPU
		{81278573-466A-44DF-8FB1-445AF8D93E75}.Debug|Any CPU.Build.0 = Debug|Any CPU
		{81278573-466A-44DF-8FB1-445AF8D93E75}.Release|Any CPU.ActiveCfg = Release|Any CPU
		{81278573-466A-44DF-8FB1-445AF8D93E75}.Release|Any CPU.Build.0 = Release|Any CPU
	EndGlobalSection
	GlobalSection(SolutionProperties) = preSolution
		HideSolutionNode = FALSE
	EndGlobalSection
	GlobalSection(ExtensibilityGlobals) = postSolution
		SolutionGuid = {BC206F1F-0603-4E51-B4B2-43F37E7E75AC}
	EndGlobalSection
EndGlobal
